
Microsoft Visual Studio Solution File, Format Version 12.00
# Visual Studio Version 17
VisualStudioVersion = 17.11.35312.102
MinimumVisualStudioVersion = 10.0.40219.1
Project("{FAE04EC0-301F-11D3-BF4B-00C04F79EFBC}") = "beilleszto_rendezes", "beilleszto_rendezes\beilleszto_rendezes.csproj", "{C40591D6-2031-4662-B43C-75F040A4FBFE}"
EndProject
Global
	GlobalSection(SolutionConfigurationPlatforms) = preSolution
		Debug|Any CPU = Debug|Any CPU
		Release|Any CPU = Release|Any CPU
	EndGlobalSection
	GlobalSection(ProjectConfigurationPlatforms) = postSolution
		{C40591D6-2031-4662-B43C-75F040A4FBFE}.Debug|Any CPU.ActiveCfg = Debug|Any CPU
		{C40591D6-2031-4662-B43C-75F040A4FBFE}.Debug|Any CPU.Build.0 = Debug|Any CPU
		{C40591D6-2031-4662-B43C-75F040A4FBFE}.Release|Any CPU.ActiveCfg = Release|Any CPU
		{C40591D6-2031-4662-B43C-75F040A4FBFE}.Release|Any CPU.Build.0 = Release|Any CPU
	EndGlobalSection
	GlobalSection(SolutionProperties) = preSolution
		HideSolutionNode = FALSE
	EndGlobalSection
	GlobalSection(ExtensibilityGlobals) = postSolution
		SolutionGuid = {0105BE14-4421-4D49-8B47-2F41E6DA2388}
	EndGlobalSection
EndGlobal
